// !$*UTF8*$!
{
	archiveVersion = 1;
	classes = {
	};
	objectVersion = 50;
	objects = {

/* Begin PBXBuildFile section */
		450E329020E89D2F00F222F1 /* parse expr.cpp in Sources */ = {isa = PBXBuildFile; fileRef = 450E328E20E89D2F00F222F1 /* parse expr.cpp */; };
		450E329120E89D6100F222F1 /* context stack.cpp in Sources */ = {isa = PBXBuildFile; fileRef = 450E327C20E88E1900F222F1 /* context stack.cpp */; };
		450E329220E89D6100F222F1 /* parse type.cpp in Sources */ = {isa = PBXBuildFile; fileRef = 450E327F20E8989300F222F1 /* parse type.cpp */; };
		450E329320E89D6100F222F1 /* parse func.cpp in Sources */ = {isa = PBXBuildFile; fileRef = 450E328220E8996900F222F1 /* parse func.cpp */; };
		450E329420E89D6100F222F1 /* parse stat.cpp in Sources */ = {isa = PBXBuildFile; fileRef = 450E328520E89A4700F222F1 /* parse stat.cpp */; };
		450E329520E89D6100F222F1 /* parse decl.cpp in Sources */ = {isa = PBXBuildFile; fileRef = 450E328820E89B5C00F222F1 /* parse decl.cpp */; };
		450E329620E89D6100F222F1 /* parse litr.cpp in Sources */ = {isa = PBXBuildFile; fileRef = 450E328B20E89C9500F222F1 /* parse litr.cpp */; };
		454B744121C0EB4900BB4BD0 /* optimize module.cpp in Sources */ = {isa = PBXBuildFile; fileRef = 454B743F21C0EB4900BB4BD0 /* optimize module.cpp */; };
		454B744721C3947900BB4BD0 /* lower expressions.cpp in Sources */ = {isa = PBXBuildFile; fileRef = 454B744521C3947900BB4BD0 /* lower expressions.cpp */; };
		454B744A21C4A5B700BB4BD0 /* function builder.cpp in Sources */ = {isa = PBXBuildFile; fileRef = 454B744821C4A5B700BB4BD0 /* function builder.cpp */; };
		454EB80021AB6E41001A5D78 /* expr lookup.cpp in Sources */ = {isa = PBXBuildFile; fileRef = 454EB7FE21AB6E41001A5D78 /* expr lookup.cpp */; };
		454EB80321AB74DE001A5D78 /* expr stack.cpp in Sources */ = {isa = PBXBuildFile; fileRef = 454EB80121AB74DE001A5D78 /* expr stack.cpp */; };
		454EB80621ABD838001A5D78 /* plain format.cpp in Sources */ = {isa = PBXBuildFile; fileRef = 454EB80521ABD838001A5D78 /* plain format.cpp */; };
		454EB80921ABE74E001A5D78 /* symbol desc.cpp in Sources */ = {isa = PBXBuildFile; fileRef = 454EB80721ABE74E001A5D78 /* symbol desc.cpp */; };
		454EB80C21ACAAC9001A5D78 /* check scopes.cpp in Sources */ = {isa = PBXBuildFile; fileRef = 454EB80A21ACAAC8001A5D78 /* check scopes.cpp */; };
		455DADA921BDE5870012A261 /* llvm.cpp in Sources */ = {isa = PBXBuildFile; fileRef = 455DADA721BDE5870012A261 /* llvm.cpp */; };
		455DADAC21BE29920012A261 /* generate stat.cpp in Sources */ = {isa = PBXBuildFile; fileRef = 455DADAA21BE29920012A261 /* generate stat.cpp */; };
		455DADB021C0899F0012A261 /* check missing return.cpp in Sources */ = {isa = PBXBuildFile; fileRef = 455DADAE21C0899F0012A261 /* check missing return.cpp */; };
		455F4187217BF0CF00C62BBF /* modules.cpp in Sources */ = {isa = PBXBuildFile; fileRef = 455F4186217BF0CF00C62BBF /* modules.cpp */; };
		4572CA6820F32D3C00EA1A56 /* semantics.cpp in Sources */ = {isa = PBXBuildFile; fileRef = 4572CA6620F32D3C00EA1A56 /* semantics.cpp */; };
		4572CA6A20F32DB000EA1A56 /* semantic analysis.cpp in Sources */ = {isa = PBXBuildFile; fileRef = 4572CA6920F32DB000EA1A56 /* semantic analysis.cpp */; };
		4572CA6D20F35B3E00EA1A56 /* ast.cpp in Sources */ = {isa = PBXBuildFile; fileRef = 4572CA6C20F35B3E00EA1A56 /* ast.cpp */; };
		4572CA7320F4732C00EA1A56 /* traverse.cpp in Sources */ = {isa = PBXBuildFile; fileRef = 4572CA7120F4732C00EA1A56 /* traverse.cpp */; };
		4572CA8020F9987500EA1A56 /* format.cpp in Sources */ = {isa = PBXBuildFile; fileRef = 4572CA7F20F9987500EA1A56 /* format.cpp */; };
		4572CA8320F9FF6000EA1A56 /* console format.cpp in Sources */ = {isa = PBXBuildFile; fileRef = 4572CA8220F9FF6000EA1A56 /* console format.cpp */; };
		4572CA8620FB0C7000EA1A56 /* format.cpp in Sources */ = {isa = PBXBuildFile; fileRef = 4572CA8420FB0C7000EA1A56 /* format.cpp */; };
		4572CA8920FB25EE00EA1A56 /* html format.cpp in Sources */ = {isa = PBXBuildFile; fileRef = 4572CA8820FB25EE00EA1A56 /* html format.cpp */; };
		4572CA8C20FB33CF00EA1A56 /* scope manager.cpp in Sources */ = {isa = PBXBuildFile; fileRef = 4572CA8A20FB33CF00EA1A56 /* scope manager.cpp */; };
		4572CA8F20FB4CEC00EA1A56 /* infer type.cpp in Sources */ = {isa = PBXBuildFile; fileRef = 4572CA8D20FB4CEC00EA1A56 /* infer type.cpp */; };
		4572CA9520FC445200EA1A56 /* builtin symbols.cpp in Sources */ = {isa = PBXBuildFile; fileRef = 4572CA9320FC445200EA1A56 /* builtin symbols.cpp */; };
		4572CA9820FC462800EA1A56 /* operator name.cpp in Sources */ = {isa = PBXBuildFile; fileRef = 4572CA9620FC462800EA1A56 /* operator name.cpp */; };
		4572CAA2210716A800EA1A56 /* libSTELA.a in Frameworks */ = {isa = PBXBuildFile; fileRef = 45BBA3EC20D63E3D006108C1 /* libSTELA.a */; };
		4572CAA8210EEE6300EA1A56 /* compare params args.cpp in Sources */ = {isa = PBXBuildFile; fileRef = 4572CAA6210EEE6300EA1A56 /* compare params args.cpp */; };
		4572CAAB210EF60500EA1A56 /* scope insert.cpp in Sources */ = {isa = PBXBuildFile; fileRef = 4572CAA9210EF60500EA1A56 /* scope insert.cpp */; };
		4572CAAE210EF61100EA1A56 /* scope lookup.cpp in Sources */ = {isa = PBXBuildFile; fileRef = 4572CAAC210EF61100EA1A56 /* scope lookup.cpp */; };
		4572CAB0210EFDFE00EA1A56 /* symbols.cpp in Sources */ = {isa = PBXBuildFile; fileRef = 4572CAAF210EFDFE00EA1A56 /* symbols.cpp */; };
		45816F3F21AF637400712CA3 /* generation.cpp in Sources */ = {isa = PBXBuildFile; fileRef = 45816F3D21AF637400712CA3 /* generation.cpp */; };
		45816F4221AF64F100712CA3 /* code generation.cpp in Sources */ = {isa = PBXBuildFile; fileRef = 45816F4121AF64F100712CA3 /* code generation.cpp */; };
		45816F4821AFA16700712CA3 /* builtin code.cpp in Sources */ = {isa = PBXBuildFile; fileRef = 45816F4621AFA16700712CA3 /* builtin code.cpp */; };
		45816F4B21B0B6A700712CA3 /* generate decl.cpp in Sources */ = {isa = PBXBuildFile; fileRef = 45816F4921B0B6A700712CA3 /* generate decl.cpp */; };
		45816F4E21B0BF9500712CA3 /* generate type.cpp in Sources */ = {isa = PBXBuildFile; fileRef = 45816F4C21B0BF9500712CA3 /* generate type.cpp */; };
		45816F5321B1049300712CA3 /* func instantiations.cpp in Sources */ = {isa = PBXBuildFile; fileRef = 45816F5221B1049300712CA3 /* func instantiations.cpp */; };
		45816F5621B128EC00712CA3 /* generate ids.cpp in Sources */ = {isa = PBXBuildFile; fileRef = 45816F5421B128EC00712CA3 /* generate ids.cpp */; };
		45816F5921B1E68700712CA3 /* generate expr.cpp in Sources */ = {isa = PBXBuildFile; fileRef = 45816F5721B1E68700712CA3 /* generate expr.cpp */; };
		45816F6221B3583D00712CA3 /* generate func.cpp in Sources */ = {isa = PBXBuildFile; fileRef = 45816F6021B3583C00712CA3 /* generate func.cpp */; };
		45816F6621B6249200712CA3 /* c standard library.cpp in Sources */ = {isa = PBXBuildFile; fileRef = 45816F6521B6249200712CA3 /* c standard library.cpp */; };
		45BBA40320D6410E006108C1 /* libSTELA.a in Frameworks */ = {isa = PBXBuildFile; fileRef = 45BBA3EC20D63E3D006108C1 /* libSTELA.a */; };
		45BBA40620D6418B006108C1 /* lexical analysis.cpp in Sources */ = {isa = PBXBuildFile; fileRef = 45BBA40420D6418B006108C1 /* lexical analysis.cpp */; };
		45BBA40A20D65340006108C1 /* libSTELA.a in Copy Files */ = {isa = PBXBuildFile; fileRef = 45BBA3EC20D63E3D006108C1 /* libSTELA.a */; settings = {ATTRIBUTES = (CodeSignOnCopy, ); }; };
		45C7FADF21C74D9100995B7D /* type builder.cpp in Sources */ = {isa = PBXBuildFile; fileRef = 45C7FADD21C74D9100995B7D /* type builder.cpp */; };
		45C7FAE521D1F3CA00995B7D /* lifetime exprs.cpp in Sources */ = {isa = PBXBuildFile; fileRef = 45C7FAE321D1F3CA00995B7D /* lifetime exprs.cpp */; };
		45DF194C21D5D80E00FA28A8 /* categories.cpp in Sources */ = {isa = PBXBuildFile; fileRef = 45DF194A21D5D80E00FA28A8 /* categories.cpp */; };
		45EE9C1220DCF19400CC3289 /* log.cpp in Sources */ = {isa = PBXBuildFile; fileRef = 45EE9C1020DCF14F00CC3289 /* log.cpp */; };
		45EE9C1320DCF19400CC3289 /* syntax analysis.cpp in Sources */ = {isa = PBXBuildFile; fileRef = 45EE9C0820DB421A00CC3289 /* syntax analysis.cpp */; };
		45EE9C1D20DE72D400CC3289 /* log output.cpp in Sources */ = {isa = PBXBuildFile; fileRef = 45EE9C1B20DE72D400CC3289 /* log output.cpp */; };
		45EE9C2020DF19BD00CC3289 /* parse tokens.cpp in Sources */ = {isa = PBXBuildFile; fileRef = 45EE9C1E20DF19BD00CC3289 /* parse tokens.cpp */; };
		45EE9C2520E23D1C00CC3289 /* number literal.cpp in Sources */ = {isa = PBXBuildFile; fileRef = 45EE9C2320E23D1C00CC3289 /* number literal.cpp */; };
		45EE9C3A20E3AB1600CC3289 /* log counter.cpp in Sources */ = {isa = PBXBuildFile; fileRef = 45EE9C3320E3AB1600CC3289 /* log counter.cpp */; };
		45EE9C3B20E3AB1600CC3289 /* lexer.cpp in Sources */ = {isa = PBXBuildFile; fileRef = 45EE9C3520E3AB1600CC3289 /* lexer.cpp */; };
		45EE9C3C20E3AB1600CC3289 /* syntax.cpp in Sources */ = {isa = PBXBuildFile; fileRef = 45EE9C3720E3AB1600CC3289 /* syntax.cpp */; };
		45EE9C3D20E3AB1600CC3289 /* main.cpp in Sources */ = {isa = PBXBuildFile; fileRef = 45EE9C3920E3AB1600CC3289 /* main.cpp */; };
		45EE9C4220E3AB5900CC3289 /* main.cpp in Sources */ = {isa = PBXBuildFile; fileRef = 45EE9C4120E3AB5900CC3289 /* main.cpp */; };
		45F4435E213F898300B28F05 /* parse asgn.cpp in Sources */ = {isa = PBXBuildFile; fileRef = 45F4435C213F898300B28F05 /* parse asgn.cpp */; };
		45F44361213FC49B00B28F05 /* compare types.cpp in Sources */ = {isa = PBXBuildFile; fileRef = 45F4435F213FC49B00B28F05 /* compare types.cpp */; };
/* End PBXBuildFile section */

/* Begin PBXContainerItemProxy section */
		454B36E521BA231B00485BA4 /* PBXContainerItemProxy */ = {
			isa = PBXContainerItemProxy;
			containerPortal = 45BBA3E420D63E3D006108C1 /* Project object */;
			proxyType = 1;
			remoteGlobalIDString = 45BBA43320D7AFB8006108C1;
			remoteInfo = CLI;
		};
		4572CAA0210716A300EA1A56 /* PBXContainerItemProxy */ = {
			isa = PBXContainerItemProxy;
			containerPortal = 45BBA3E420D63E3D006108C1 /* Project object */;
			proxyType = 1;
			remoteGlobalIDString = 45BBA3EB20D63E3D006108C1;
			remoteInfo = STELA;
		};
		45BBA40020D640F0006108C1 /* PBXContainerItemProxy */ = {
			isa = PBXContainerItemProxy;
			containerPortal = 45BBA3E420D63E3D006108C1 /* Project object */;
			proxyType = 1;
			remoteGlobalIDString = 45BBA3EB20D63E3D006108C1;
			remoteInfo = STELA;
		};
/* End PBXContainerItemProxy section */

/* Begin PBXCopyFilesBuildPhase section */
		45BBA40920D65331006108C1 /* Copy Files */ = {
			isa = PBXCopyFilesBuildPhase;
			buildActionMask = 2147483647;
			dstPath = /usr/local/lib;
			dstSubfolderSpec = 0;
			files = (
				45BBA40A20D65340006108C1 /* libSTELA.a in Copy Files */,
			);
			name = "Copy Files";
			runOnlyForDeploymentPostprocessing = 0;
		};
/* End PBXCopyFilesBuildPhase section */

/* Begin PBXFileReference section */
		450E327720E65D5400F222F1 /* .travis.yml */ = {isa = PBXFileReference; lastKnownFileType = text; path = .travis.yml; sourceTree = "<group>"; };
		450E327C20E88E1900F222F1 /* context stack.cpp */ = {isa = PBXFileReference; lastKnownFileType = sourcecode.cpp.cpp; path = "context stack.cpp"; sourceTree = "<group>"; };
		450E327D20E88E1A00F222F1 /* context stack.hpp */ = {isa = PBXFileReference; lastKnownFileType = sourcecode.cpp.h; path = "context stack.hpp"; sourceTree = "<group>"; };
		450E327F20E8989300F222F1 /* parse type.cpp */ = {isa = PBXFileReference; lastKnownFileType = sourcecode.cpp.cpp; path = "parse type.cpp"; sourceTree = "<group>"; };
		450E328020E8989300F222F1 /* parse type.hpp */ = {isa = PBXFileReference; lastKnownFileType = sourcecode.cpp.h; path = "parse type.hpp"; sourceTree = "<group>"; };
		450E328220E8996900F222F1 /* parse func.cpp */ = {isa = PBXFileReference; lastKnownFileType = sourcecode.cpp.cpp; path = "parse func.cpp"; sourceTree = "<group>"; };
		450E328320E8996900F222F1 /* parse func.hpp */ = {isa = PBXFileReference; lastKnownFileType = sourcecode.cpp.h; path = "parse func.hpp"; sourceTree = "<group>"; };
		450E328520E89A4700F222F1 /* parse stat.cpp */ = {isa = PBXFileReference; lastKnownFileType = sourcecode.cpp.cpp; path = "parse stat.cpp"; sourceTree = "<group>"; };
		450E328620E89A4700F222F1 /* parse stat.hpp */ = {isa = PBXFileReference; lastKnownFileType = sourcecode.cpp.h; path = "parse stat.hpp"; sourceTree = "<group>"; };
		450E328820E89B5C00F222F1 /* parse decl.cpp */ = {isa = PBXFileReference; lastKnownFileType = sourcecode.cpp.cpp; path = "parse decl.cpp"; sourceTree = "<group>"; };
		450E328920E89B5C00F222F1 /* parse decl.hpp */ = {isa = PBXFileReference; lastKnownFileType = sourcecode.cpp.h; path = "parse decl.hpp"; sourceTree = "<group>"; };
		450E328B20E89C9500F222F1 /* parse litr.cpp */ = {isa = PBXFileReference; lastKnownFileType = sourcecode.cpp.cpp; path = "parse litr.cpp"; sourceTree = "<group>"; };
		450E328C20E89C9500F222F1 /* parse litr.hpp */ = {isa = PBXFileReference; lastKnownFileType = sourcecode.cpp.h; path = "parse litr.hpp"; sourceTree = "<group>"; };
		450E328E20E89D2F00F222F1 /* parse expr.cpp */ = {isa = PBXFileReference; lastKnownFileType = sourcecode.cpp.cpp; path = "parse expr.cpp"; sourceTree = "<group>"; };
		450E328F20E89D2F00F222F1 /* parse expr.hpp */ = {isa = PBXFileReference; lastKnownFileType = sourcecode.cpp.h; path = "parse expr.hpp"; sourceTree = "<group>"; };
		454B36E721BA3B3100485BA4 /* iterator range.hpp */ = {isa = PBXFileReference; lastKnownFileType = sourcecode.cpp.h; path = "iterator range.hpp"; sourceTree = "<group>"; };
		454B743F21C0EB4900BB4BD0 /* optimize module.cpp */ = {isa = PBXFileReference; lastKnownFileType = sourcecode.cpp.cpp; path = "optimize module.cpp"; sourceTree = "<group>"; };
		454B744021C0EB4900BB4BD0 /* optimize module.hpp */ = {isa = PBXFileReference; lastKnownFileType = sourcecode.cpp.h; path = "optimize module.hpp"; sourceTree = "<group>"; };
		454B744221C201A900BB4BD0 /* binding.hpp */ = {isa = PBXFileReference; lastKnownFileType = sourcecode.cpp.h; path = binding.hpp; sourceTree = "<group>"; };
		454B744521C3947900BB4BD0 /* lower expressions.cpp */ = {isa = PBXFileReference; lastKnownFileType = sourcecode.cpp.cpp; path = "lower expressions.cpp"; sourceTree = "<group>"; };
		454B744621C3947900BB4BD0 /* lower expressions.hpp */ = {isa = PBXFileReference; lastKnownFileType = sourcecode.cpp.h; path = "lower expressions.hpp"; sourceTree = "<group>"; };
		454B744821C4A5B700BB4BD0 /* function builder.cpp */ = {isa = PBXFileReference; lastKnownFileType = sourcecode.cpp.cpp; path = "function builder.cpp"; sourceTree = "<group>"; };
		454B744921C4A5B700BB4BD0 /* function builder.hpp */ = {isa = PBXFileReference; lastKnownFileType = sourcecode.cpp.h; path = "function builder.hpp"; sourceTree = "<group>"; };
		454EB7F9219E326E001A5D78 /* notes.txt */ = {isa = PBXFileReference; lastKnownFileType = text; path = notes.txt; sourceTree = "<group>"; };
		454EB7FB219E4681001A5D78 /* retain ptr.hpp */ = {isa = PBXFileReference; lastKnownFileType = sourcecode.cpp.h; path = "retain ptr.hpp"; sourceTree = "<group>"; };
		454EB7FD21A0E837001A5D78 /* context.hpp */ = {isa = PBXFileReference; lastKnownFileType = sourcecode.cpp.h; path = context.hpp; sourceTree = "<group>"; };
		454EB7FE21AB6E41001A5D78 /* expr lookup.cpp */ = {isa = PBXFileReference; lastKnownFileType = sourcecode.cpp.cpp; path = "expr lookup.cpp"; sourceTree = "<group>"; };
		454EB7FF21AB6E41001A5D78 /* expr lookup.hpp */ = {isa = PBXFileReference; lastKnownFileType = sourcecode.cpp.h; path = "expr lookup.hpp"; sourceTree = "<group>"; };
		454EB80121AB74DE001A5D78 /* expr stack.cpp */ = {isa = PBXFileReference; lastKnownFileType = sourcecode.cpp.cpp; path = "expr stack.cpp"; sourceTree = "<group>"; };
		454EB80221AB74DE001A5D78 /* expr stack.hpp */ = {isa = PBXFileReference; lastKnownFileType = sourcecode.cpp.h; path = "expr stack.hpp"; sourceTree = "<group>"; };
		454EB80421ABD7D2001A5D78 /* plain format.hpp */ = {isa = PBXFileReference; lastKnownFileType = sourcecode.cpp.h; path = "plain format.hpp"; sourceTree = "<group>"; };
		454EB80521ABD838001A5D78 /* plain format.cpp */ = {isa = PBXFileReference; lastKnownFileType = sourcecode.cpp.cpp; path = "plain format.cpp"; sourceTree = "<group>"; };
		454EB80721ABE74E001A5D78 /* symbol desc.cpp */ = {isa = PBXFileReference; lastKnownFileType = sourcecode.cpp.cpp; path = "symbol desc.cpp"; sourceTree = "<group>"; };
		454EB80821ABE74E001A5D78 /* symbol desc.hpp */ = {isa = PBXFileReference; lastKnownFileType = sourcecode.cpp.h; path = "symbol desc.hpp"; sourceTree = "<group>"; };
		454EB80A21ACAAC8001A5D78 /* check scopes.cpp */ = {isa = PBXFileReference; lastKnownFileType = sourcecode.cpp.cpp; path = "check scopes.cpp"; sourceTree = "<group>"; };
		454EB80B21ACAAC8001A5D78 /* check scopes.hpp */ = {isa = PBXFileReference; lastKnownFileType = sourcecode.cpp.h; path = "check scopes.hpp"; sourceTree = "<group>"; };
		455DADA521BBAE940012A261 /* algorithms.hpp */ = {isa = PBXFileReference; lastKnownFileType = sourcecode.cpp.h; path = algorithms.hpp; sourceTree = "<group>"; };
		455DADA621BDE4F90012A261 /* llvm.hpp */ = {isa = PBXFileReference; lastKnownFileType = sourcecode.cpp.h; path = llvm.hpp; sourceTree = "<group>"; };
		455DADA721BDE5870012A261 /* llvm.cpp */ = {isa = PBXFileReference; lastKnownFileType = sourcecode.cpp.cpp; path = llvm.cpp; sourceTree = "<group>"; };
		455DADAA21BE29920012A261 /* generate stat.cpp */ = {isa = PBXFileReference; lastKnownFileType = sourcecode.cpp.cpp; path = "generate stat.cpp"; sourceTree = "<group>"; };
		455DADAB21BE29920012A261 /* generate stat.hpp */ = {isa = PBXFileReference; lastKnownFileType = sourcecode.cpp.h; path = "generate stat.hpp"; sourceTree = "<group>"; };
		455DADAD21BF6B9A0012A261 /* number.hpp */ = {isa = PBXFileReference; lastKnownFileType = sourcecode.cpp.h; path = number.hpp; sourceTree = "<group>"; };
		455DADAE21C0899F0012A261 /* check missing return.cpp */ = {isa = PBXFileReference; lastKnownFileType = sourcecode.cpp.cpp; path = "check missing return.cpp"; sourceTree = "<group>"; };
		455DADAF21C0899F0012A261 /* check missing return.hpp */ = {isa = PBXFileReference; lastKnownFileType = sourcecode.cpp.h; path = "check missing return.hpp"; sourceTree = "<group>"; };
		455F4185217BEDA700C62BBF /* modules.hpp */ = {isa = PBXFileReference; lastKnownFileType = sourcecode.cpp.h; path = modules.hpp; sourceTree = "<group>"; };
		455F4186217BF0CF00C62BBF /* modules.cpp */ = {isa = PBXFileReference; lastKnownFileType = sourcecode.cpp.cpp; path = modules.cpp; sourceTree = "<group>"; };
		4572CA6220F32C9D00EA1A56 /* semantic analysis.hpp */ = {isa = PBXFileReference; lastKnownFileType = sourcecode.cpp.h; path = "semantic analysis.hpp"; sourceTree = "<group>"; };
		4572CA6620F32D3C00EA1A56 /* semantics.cpp */ = {isa = PBXFileReference; lastKnownFileType = sourcecode.cpp.cpp; path = semantics.cpp; sourceTree = "<group>"; };
		4572CA6720F32D3C00EA1A56 /* semantics.hpp */ = {isa = PBXFileReference; lastKnownFileType = sourcecode.cpp.h; path = semantics.hpp; sourceTree = "<group>"; };
		4572CA6920F32DB000EA1A56 /* semantic analysis.cpp */ = {isa = PBXFileReference; lastKnownFileType = sourcecode.cpp.cpp; path = "semantic analysis.cpp"; sourceTree = "<group>"; };
		4572CA6B20F32DEA00EA1A56 /* symbols.hpp */ = {isa = PBXFileReference; lastKnownFileType = sourcecode.cpp.h; path = symbols.hpp; sourceTree = "<group>"; };
		4572CA6C20F35B3E00EA1A56 /* ast.cpp */ = {isa = PBXFileReference; lastKnownFileType = sourcecode.cpp.cpp; path = ast.cpp; sourceTree = "<group>"; };
		4572CA7120F4732C00EA1A56 /* traverse.cpp */ = {isa = PBXFileReference; lastKnownFileType = sourcecode.cpp.cpp; path = traverse.cpp; sourceTree = "<group>"; };
		4572CA7220F4732C00EA1A56 /* traverse.hpp */ = {isa = PBXFileReference; lastKnownFileType = sourcecode.cpp.h; path = traverse.hpp; sourceTree = "<group>"; };
		4572CA7D20F9951400EA1A56 /* format.hpp */ = {isa = PBXFileReference; lastKnownFileType = sourcecode.cpp.h; path = format.hpp; sourceTree = "<group>"; };
		4572CA7F20F9987500EA1A56 /* format.cpp */ = {isa = PBXFileReference; lastKnownFileType = sourcecode.cpp.cpp; path = format.cpp; sourceTree = "<group>"; };
		4572CA8120F9FE1B00EA1A56 /* console format.hpp */ = {isa = PBXFileReference; lastKnownFileType = sourcecode.cpp.h; path = "console format.hpp"; sourceTree = "<group>"; };
		4572CA8220F9FF6000EA1A56 /* console format.cpp */ = {isa = PBXFileReference; lastKnownFileType = sourcecode.cpp.cpp; path = "console format.cpp"; sourceTree = "<group>"; };
		4572CA8420FB0C7000EA1A56 /* format.cpp */ = {isa = PBXFileReference; lastKnownFileType = sourcecode.cpp.cpp; path = format.cpp; sourceTree = "<group>"; };
		4572CA8520FB0C7000EA1A56 /* format.hpp */ = {isa = PBXFileReference; lastKnownFileType = sourcecode.cpp.h; path = format.hpp; sourceTree = "<group>"; };
		4572CA8720FB254600EA1A56 /* html format.hpp */ = {isa = PBXFileReference; lastKnownFileType = sourcecode.cpp.h; path = "html format.hpp"; sourceTree = "<group>"; };
		4572CA8820FB25EE00EA1A56 /* html format.cpp */ = {isa = PBXFileReference; lastKnownFileType = sourcecode.cpp.cpp; path = "html format.cpp"; sourceTree = "<group>"; };
		4572CA8A20FB33CF00EA1A56 /* scope manager.cpp */ = {isa = PBXFileReference; lastKnownFileType = sourcecode.cpp.cpp; path = "scope manager.cpp"; sourceTree = "<group>"; };
		4572CA8B20FB33CF00EA1A56 /* scope manager.hpp */ = {isa = PBXFileReference; lastKnownFileType = sourcecode.cpp.h; path = "scope manager.hpp"; sourceTree = "<group>"; };
		4572CA8D20FB4CEC00EA1A56 /* infer type.cpp */ = {isa = PBXFileReference; lastKnownFileType = sourcecode.cpp.cpp; path = "infer type.cpp"; sourceTree = "<group>"; };
		4572CA8E20FB4CEC00EA1A56 /* infer type.hpp */ = {isa = PBXFileReference; lastKnownFileType = sourcecode.cpp.h; path = "infer type.hpp"; sourceTree = "<group>"; };
		4572CA9320FC445200EA1A56 /* builtin symbols.cpp */ = {isa = PBXFileReference; lastKnownFileType = sourcecode.cpp.cpp; path = "builtin symbols.cpp"; sourceTree = "<group>"; };
		4572CA9420FC445200EA1A56 /* builtin symbols.hpp */ = {isa = PBXFileReference; lastKnownFileType = sourcecode.cpp.h; path = "builtin symbols.hpp"; sourceTree = "<group>"; };
		4572CA9620FC462800EA1A56 /* operator name.cpp */ = {isa = PBXFileReference; lastKnownFileType = sourcecode.cpp.cpp; path = "operator name.cpp"; sourceTree = "<group>"; };
		4572CA9720FC462800EA1A56 /* operator name.hpp */ = {isa = PBXFileReference; lastKnownFileType = sourcecode.cpp.h; path = "operator name.hpp"; sourceTree = "<group>"; };
		4572CAA6210EEE6300EA1A56 /* compare params args.cpp */ = {isa = PBXFileReference; lastKnownFileType = sourcecode.cpp.cpp; path = "compare params args.cpp"; sourceTree = "<group>"; };
		4572CAA7210EEE6300EA1A56 /* compare params args.hpp */ = {isa = PBXFileReference; lastKnownFileType = sourcecode.cpp.h; path = "compare params args.hpp"; sourceTree = "<group>"; };
		4572CAA9210EF60500EA1A56 /* scope insert.cpp */ = {isa = PBXFileReference; lastKnownFileType = sourcecode.cpp.cpp; path = "scope insert.cpp"; sourceTree = "<group>"; };
		4572CAAA210EF60500EA1A56 /* scope insert.hpp */ = {isa = PBXFileReference; lastKnownFileType = sourcecode.cpp.h; path = "scope insert.hpp"; sourceTree = "<group>"; };
		4572CAAC210EF61100EA1A56 /* scope lookup.cpp */ = {isa = PBXFileReference; lastKnownFileType = sourcecode.cpp.cpp; path = "scope lookup.cpp"; sourceTree = "<group>"; };
		4572CAAD210EF61100EA1A56 /* scope lookup.hpp */ = {isa = PBXFileReference; lastKnownFileType = sourcecode.cpp.h; path = "scope lookup.hpp"; sourceTree = "<group>"; };
		4572CAAF210EFDFE00EA1A56 /* symbols.cpp */ = {isa = PBXFileReference; lastKnownFileType = sourcecode.cpp.cpp; path = symbols.cpp; sourceTree = "<group>"; };
		45816F3D21AF637400712CA3 /* generation.cpp */ = {isa = PBXFileReference; lastKnownFileType = sourcecode.cpp.cpp; path = generation.cpp; sourceTree = "<group>"; };
		45816F3E21AF637400712CA3 /* generation.hpp */ = {isa = PBXFileReference; lastKnownFileType = sourcecode.cpp.h; path = generation.hpp; sourceTree = "<group>"; };
		45816F4021AF645200712CA3 /* code generation.hpp */ = {isa = PBXFileReference; lastKnownFileType = sourcecode.cpp.h; path = "code generation.hpp"; sourceTree = "<group>"; };
		45816F4121AF64F100712CA3 /* code generation.cpp */ = {isa = PBXFileReference; lastKnownFileType = sourcecode.cpp.cpp; path = "code generation.cpp"; sourceTree = "<group>"; };
		45816F4521AF857500712CA3 /* unreachable.hpp */ = {isa = PBXFileReference; lastKnownFileType = sourcecode.cpp.h; path = unreachable.hpp; sourceTree = "<group>"; };
		45816F4621AFA16700712CA3 /* builtin code.cpp */ = {isa = PBXFileReference; lastKnownFileType = sourcecode.cpp.cpp; path = "builtin code.cpp"; sourceTree = "<group>"; };
		45816F4721AFA16700712CA3 /* builtin code.hpp */ = {isa = PBXFileReference; lastKnownFileType = sourcecode.cpp.h; path = "builtin code.hpp"; sourceTree = "<group>"; };
		45816F4921B0B6A700712CA3 /* generate decl.cpp */ = {isa = PBXFileReference; lastKnownFileType = sourcecode.cpp.cpp; path = "generate decl.cpp"; sourceTree = "<group>"; };
		45816F4A21B0B6A700712CA3 /* generate decl.hpp */ = {isa = PBXFileReference; lastKnownFileType = sourcecode.cpp.h; path = "generate decl.hpp"; sourceTree = "<group>"; };
		45816F4C21B0BF9500712CA3 /* generate type.cpp */ = {isa = PBXFileReference; lastKnownFileType = sourcecode.cpp.cpp; path = "generate type.cpp"; sourceTree = "<group>"; };
		45816F4D21B0BF9500712CA3 /* generate type.hpp */ = {isa = PBXFileReference; lastKnownFileType = sourcecode.cpp.h; path = "generate type.hpp"; sourceTree = "<group>"; };
		45816F4F21B0EBE100712CA3 /* gen context.hpp */ = {isa = PBXFileReference; lastKnownFileType = sourcecode.cpp.h; path = "gen context.hpp"; sourceTree = "<group>"; };
		45816F5121B1032500712CA3 /* func instantiations.hpp */ = {isa = PBXFileReference; lastKnownFileType = sourcecode.cpp.h; path = "func instantiations.hpp"; sourceTree = "<group>"; };
		45816F5221B1049300712CA3 /* func instantiations.cpp */ = {isa = PBXFileReference; lastKnownFileType = sourcecode.cpp.cpp; path = "func instantiations.cpp"; sourceTree = "<group>"; };
		45816F5421B128EC00712CA3 /* generate ids.cpp */ = {isa = PBXFileReference; lastKnownFileType = sourcecode.cpp.cpp; path = "generate ids.cpp"; sourceTree = "<group>"; };
		45816F5521B128EC00712CA3 /* generate ids.hpp */ = {isa = PBXFileReference; lastKnownFileType = sourcecode.cpp.h; path = "generate ids.hpp"; sourceTree = "<group>"; };
		45816F5721B1E68700712CA3 /* generate expr.cpp */ = {isa = PBXFileReference; lastKnownFileType = sourcecode.cpp.cpp; path = "generate expr.cpp"; sourceTree = "<group>"; };
		45816F5821B1E68700712CA3 /* generate expr.hpp */ = {isa = PBXFileReference; lastKnownFileType = sourcecode.cpp.h; path = "generate expr.hpp"; sourceTree = "<group>"; };
		45816F6021B3583C00712CA3 /* generate func.cpp */ = {isa = PBXFileReference; lastKnownFileType = sourcecode.cpp.cpp; path = "generate func.cpp"; sourceTree = "<group>"; };
		45816F6121B3583C00712CA3 /* generate func.hpp */ = {isa = PBXFileReference; lastKnownFileType = sourcecode.cpp.h; path = "generate func.hpp"; sourceTree = "<group>"; };
		45816F6321B3780C00712CA3 /* assert down cast.hpp */ = {isa = PBXFileReference; lastKnownFileType = sourcecode.cpp.h; path = "assert down cast.hpp"; sourceTree = "<group>"; };
		45816F6421B622BD00712CA3 /* c standard library.hpp */ = {isa = PBXFileReference; lastKnownFileType = sourcecode.cpp.h; path = "c standard library.hpp"; sourceTree = "<group>"; };
		45816F6521B6249200712CA3 /* c standard library.cpp */ = {isa = PBXFileReference; lastKnownFileType = sourcecode.cpp.cpp; path = "c standard library.cpp"; sourceTree = "<group>"; };
		45A723372129525700BFE7FB /* scope traverse.hpp */ = {isa = PBXFileReference; lastKnownFileType = sourcecode.cpp.h; path = "scope traverse.hpp"; sourceTree = "<group>"; };
		45BBA3EC20D63E3D006108C1 /* libSTELA.a */ = {isa = PBXFileReference; explicitFileType = archive.ar; includeInIndex = 0; path = libSTELA.a; sourceTree = BUILT_PRODUCTS_DIR; };
		45BBA3F420D64086006108C1 /* README.md */ = {isa = PBXFileReference; lastKnownFileType = net.daringfireball.markdown; path = README.md; sourceTree = "<group>"; };
		45BBA3F920D640EA006108C1 /* Test */ = {isa = PBXFileReference; explicitFileType = "compiled.mach-o.executable"; includeInIndex = 0; path = Test; sourceTree = BUILT_PRODUCTS_DIR; };
		45BBA40420D6418B006108C1 /* lexical analysis.cpp */ = {isa = PBXFileReference; lastKnownFileType = sourcecode.cpp.cpp; path = "lexical analysis.cpp"; sourceTree = "<group>"; };
		45BBA43420D7AFB8006108C1 /* CLI */ = {isa = PBXFileReference; explicitFileType = "compiled.mach-o.executable"; includeInIndex = 0; path = CLI; sourceTree = BUILT_PRODUCTS_DIR; };
		45C7FADD21C74D9100995B7D /* type builder.cpp */ = {isa = PBXFileReference; lastKnownFileType = sourcecode.cpp.cpp; path = "type builder.cpp"; sourceTree = "<group>"; };
		45C7FADE21C74D9100995B7D /* type builder.hpp */ = {isa = PBXFileReference; lastKnownFileType = sourcecode.cpp.h; path = "type builder.hpp"; sourceTree = "<group>"; };
		45C7FAE321D1F3CA00995B7D /* lifetime exprs.cpp */ = {isa = PBXFileReference; lastKnownFileType = sourcecode.cpp.cpp; path = "lifetime exprs.cpp"; sourceTree = "<group>"; };
		45C7FAE421D1F3CA00995B7D /* lifetime exprs.hpp */ = {isa = PBXFileReference; lastKnownFileType = sourcecode.cpp.h; path = "lifetime exprs.hpp"; sourceTree = "<group>"; };
		45DF194A21D5D80E00FA28A8 /* categories.cpp */ = {isa = PBXFileReference; lastKnownFileType = sourcecode.cpp.cpp; path = categories.cpp; sourceTree = "<group>"; };
		45DF194B21D5D80E00FA28A8 /* categories.hpp */ = {isa = PBXFileReference; lastKnownFileType = sourcecode.cpp.h; path = categories.hpp; sourceTree = "<group>"; };
		45EE9C0820DB421A00CC3289 /* syntax analysis.cpp */ = {isa = PBXFileReference; lastKnownFileType = sourcecode.cpp.cpp; path = "syntax analysis.cpp"; sourceTree = "<group>"; };
		45EE9C1020DCF14F00CC3289 /* log.cpp */ = {isa = PBXFileReference; lastKnownFileType = sourcecode.cpp.cpp; path = log.cpp; sourceTree = "<group>"; };
		45EE9C1B20DE72D400CC3289 /* log output.cpp */ = {isa = PBXFileReference; lastKnownFileType = sourcecode.cpp.cpp; path = "log output.cpp"; sourceTree = "<group>"; };
		45EE9C1C20DE72D400CC3289 /* log output.hpp */ = {isa = PBXFileReference; lastKnownFileType = sourcecode.cpp.h; path = "log output.hpp"; sourceTree = "<group>"; };
		45EE9C1E20DF19BD00CC3289 /* parse tokens.cpp */ = {isa = PBXFileReference; lastKnownFileType = sourcecode.cpp.cpp; path = "parse tokens.cpp"; sourceTree = "<group>"; };
		45EE9C1F20DF19BD00CC3289 /* parse tokens.hpp */ = {isa = PBXFileReference; lastKnownFileType = sourcecode.cpp.h; path = "parse tokens.hpp"; sourceTree = "<group>"; };
		45EE9C2320E23D1C00CC3289 /* number literal.cpp */ = {isa = PBXFileReference; lastKnownFileType = sourcecode.cpp.cpp; path = "number literal.cpp"; sourceTree = "<group>"; };
		45EE9C2420E23D1C00CC3289 /* number literal.hpp */ = {isa = PBXFileReference; lastKnownFileType = sourcecode.cpp.h; path = "number literal.hpp"; sourceTree = "<group>"; };
		45EE9C2A20E3AAE300CC3289 /* token.hpp */ = {isa = PBXFileReference; fileEncoding = 4; lastKnownFileType = sourcecode.cpp.h; path = token.hpp; sourceTree = "<group>"; };
		45EE9C2B20E3AAE300CC3289 /* syntax analysis.hpp */ = {isa = PBXFileReference; fileEncoding = 4; lastKnownFileType = sourcecode.cpp.h; path = "syntax analysis.hpp"; sourceTree = "<group>"; };
		45EE9C2C20E3AAE300CC3289 /* lexical analysis.hpp */ = {isa = PBXFileReference; fileEncoding = 4; lastKnownFileType = sourcecode.cpp.h; path = "lexical analysis.hpp"; sourceTree = "<group>"; };
		45EE9C2D20E3AAE300CC3289 /* location.hpp */ = {isa = PBXFileReference; fileEncoding = 4; lastKnownFileType = sourcecode.cpp.h; path = location.hpp; sourceTree = "<group>"; };
		45EE9C2E20E3AAE300CC3289 /* log.hpp */ = {isa = PBXFileReference; fileEncoding = 4; lastKnownFileType = sourcecode.cpp.h; path = log.hpp; sourceTree = "<group>"; };
		45EE9C2F20E3AAE300CC3289 /* ast.hpp */ = {isa = PBXFileReference; fileEncoding = 4; lastKnownFileType = sourcecode.cpp.h; path = ast.hpp; sourceTree = "<group>"; };
		45EE9C3020E3AAF500CC3289 /* CMakeLists.txt */ = {isa = PBXFileReference; lastKnownFileType = text; path = CMakeLists.txt; sourceTree = "<group>"; };
		45EE9C3220E3AB1600CC3289 /* syntax.hpp */ = {isa = PBXFileReference; fileEncoding = 4; lastKnownFileType = sourcecode.cpp.h; path = syntax.hpp; sourceTree = "<group>"; };
		45EE9C3320E3AB1600CC3289 /* log counter.cpp */ = {isa = PBXFileReference; fileEncoding = 4; lastKnownFileType = sourcecode.cpp.cpp; path = "log counter.cpp"; sourceTree = "<group>"; };
		45EE9C3420E3AB1600CC3289 /* macros.hpp */ = {isa = PBXFileReference; fileEncoding = 4; lastKnownFileType = sourcecode.cpp.h; path = macros.hpp; sourceTree = "<group>"; };
		45EE9C3520E3AB1600CC3289 /* lexer.cpp */ = {isa = PBXFileReference; fileEncoding = 4; lastKnownFileType = sourcecode.cpp.cpp; path = lexer.cpp; sourceTree = "<group>"; };
		45EE9C3620E3AB1600CC3289 /* lexer.hpp */ = {isa = PBXFileReference; fileEncoding = 4; lastKnownFileType = sourcecode.cpp.h; path = lexer.hpp; sourceTree = "<group>"; };
		45EE9C3720E3AB1600CC3289 /* syntax.cpp */ = {isa = PBXFileReference; fileEncoding = 4; lastKnownFileType = sourcecode.cpp.cpp; path = syntax.cpp; sourceTree = "<group>"; };
		45EE9C3820E3AB1600CC3289 /* log counter.hpp */ = {isa = PBXFileReference; fileEncoding = 4; lastKnownFileType = sourcecode.cpp.h; path = "log counter.hpp"; sourceTree = "<group>"; };
		45EE9C3920E3AB1600CC3289 /* main.cpp */ = {isa = PBXFileReference; fileEncoding = 4; lastKnownFileType = sourcecode.cpp.cpp; path = main.cpp; sourceTree = "<group>"; };
		45EE9C3E20E3AB1E00CC3289 /* CMakeLists.txt */ = {isa = PBXFileReference; lastKnownFileType = text; path = CMakeLists.txt; sourceTree = "<group>"; };
		45EE9C3F20E3AB4800CC3289 /* CMakeLists.txt */ = {isa = PBXFileReference; lastKnownFileType = text; path = CMakeLists.txt; sourceTree = "<group>"; };
		45EE9C4120E3AB5900CC3289 /* main.cpp */ = {isa = PBXFileReference; fileEncoding = 4; lastKnownFileType = sourcecode.cpp.cpp; path = main.cpp; sourceTree = "<group>"; };
		45F4435C213F898300B28F05 /* parse asgn.cpp */ = {isa = PBXFileReference; lastKnownFileType = sourcecode.cpp.cpp; path = "parse asgn.cpp"; sourceTree = "<group>"; };
		45F4435D213F898300B28F05 /* parse asgn.hpp */ = {isa = PBXFileReference; lastKnownFileType = sourcecode.cpp.h; path = "parse asgn.hpp"; sourceTree = "<group>"; };
		45F4435F213FC49B00B28F05 /* compare types.cpp */ = {isa = PBXFileReference; lastKnownFileType = sourcecode.cpp.cpp; path = "compare types.cpp"; sourceTree = "<group>"; };
		45F44360213FC49B00B28F05 /* compare types.hpp */ = {isa = PBXFileReference; lastKnownFileType = sourcecode.cpp.h; path = "compare types.hpp"; sourceTree = "<group>"; };
/* End PBXFileReference section */

/* Begin PBXFrameworksBuildPhase section */
		45BBA3E920D63E3D006108C1 /* Frameworks */ = {
			isa = PBXFrameworksBuildPhase;
			buildActionMask = 2147483647;
			files = (
			);
			runOnlyForDeploymentPostprocessing = 0;
		};
		45BBA3F620D640EA006108C1 /* Frameworks */ = {
			isa = PBXFrameworksBuildPhase;
			buildActionMask = 2147483647;
			files = (
				45BBA40320D6410E006108C1 /* libSTELA.a in Frameworks */,
			);
			runOnlyForDeploymentPostprocessing = 0;
		};
		45BBA43120D7AFB8006108C1 /* Frameworks */ = {
			isa = PBXFrameworksBuildPhase;
			buildActionMask = 2147483647;
			files = (
				4572CAA2210716A800EA1A56 /* libSTELA.a in Frameworks */,
			);
			runOnlyForDeploymentPostprocessing = 0;
		};
/* End PBXFrameworksBuildPhase section */

/* Begin PBXGroup section */
		4572CA6120F32C8000EA1A56 /* Semantic Analysis */ = {
			isa = PBXGroup;
			children = (
				4572CA6920F32DB000EA1A56 /* semantic analysis.cpp */,
				455F4186217BF0CF00C62BBF /* modules.cpp */,
				4572CA6C20F35B3E00EA1A56 /* ast.cpp */,
				4572CAAF210EFDFE00EA1A56 /* symbols.cpp */,
				4572CA7120F4732C00EA1A56 /* traverse.cpp */,
				4572CA7220F4732C00EA1A56 /* traverse.hpp */,
				4572CA8A20FB33CF00EA1A56 /* scope manager.cpp */,
				4572CA8B20FB33CF00EA1A56 /* scope manager.hpp */,
				4572CA8D20FB4CEC00EA1A56 /* infer type.cpp */,
				4572CA8E20FB4CEC00EA1A56 /* infer type.hpp */,
				4572CA9320FC445200EA1A56 /* builtin symbols.cpp */,
				4572CA9420FC445200EA1A56 /* builtin symbols.hpp */,
				4572CA9620FC462800EA1A56 /* operator name.cpp */,
				4572CA9720FC462800EA1A56 /* operator name.hpp */,
				4572CAA6210EEE6300EA1A56 /* compare params args.cpp */,
				4572CAA7210EEE6300EA1A56 /* compare params args.hpp */,
				4572CAA9210EF60500EA1A56 /* scope insert.cpp */,
				4572CAAA210EF60500EA1A56 /* scope insert.hpp */,
				4572CAAC210EF61100EA1A56 /* scope lookup.cpp */,
				4572CAAD210EF61100EA1A56 /* scope lookup.hpp */,
				454EB7FE21AB6E41001A5D78 /* expr lookup.cpp */,
				454EB7FF21AB6E41001A5D78 /* expr lookup.hpp */,
				454EB80121AB74DE001A5D78 /* expr stack.cpp */,
				454EB80221AB74DE001A5D78 /* expr stack.hpp */,
				45A723372129525700BFE7FB /* scope traverse.hpp */,
				45F4435F213FC49B00B28F05 /* compare types.cpp */,
				45F44360213FC49B00B28F05 /* compare types.hpp */,
				454EB7FD21A0E837001A5D78 /* context.hpp */,
				454EB80721ABE74E001A5D78 /* symbol desc.cpp */,
				454EB80821ABE74E001A5D78 /* symbol desc.hpp */,
				454EB80A21ACAAC8001A5D78 /* check scopes.cpp */,
				454EB80B21ACAAC8001A5D78 /* check scopes.hpp */,
				45816F6521B6249200712CA3 /* c standard library.cpp */,
				455DADAE21C0899F0012A261 /* check missing return.cpp */,
				455DADAF21C0899F0012A261 /* check missing return.hpp */,
			);
			name = "Semantic Analysis";
			sourceTree = "<group>";
		};
		4572CA7E20F9985D00EA1A56 /* Formatting */ = {
			isa = PBXGroup;
			children = (
				4572CA7F20F9987500EA1A56 /* format.cpp */,
				4572CA8220F9FF6000EA1A56 /* console format.cpp */,
				4572CA8820FB25EE00EA1A56 /* html format.cpp */,
				454EB80521ABD838001A5D78 /* plain format.cpp */,
			);
			name = Formatting;
			sourceTree = "<group>";
		};
		45816F3C21AF631E00712CA3 /* Code Generation */ = {
			isa = PBXGroup;
			children = (
				45816F4121AF64F100712CA3 /* code generation.cpp */,
				45816F4621AFA16700712CA3 /* builtin code.cpp */,
				45816F4721AFA16700712CA3 /* builtin code.hpp */,
				45816F4921B0B6A700712CA3 /* generate decl.cpp */,
				45816F4A21B0B6A700712CA3 /* generate decl.hpp */,
				455DADAA21BE29920012A261 /* generate stat.cpp */,
				455DADAB21BE29920012A261 /* generate stat.hpp */,
				45816F4C21B0BF9500712CA3 /* generate type.cpp */,
				45816F4D21B0BF9500712CA3 /* generate type.hpp */,
				45816F6021B3583C00712CA3 /* generate func.cpp */,
				45816F6121B3583C00712CA3 /* generate func.hpp */,
				45816F5721B1E68700712CA3 /* generate expr.cpp */,
				45816F5821B1E68700712CA3 /* generate expr.hpp */,
				45816F4F21B0EBE100712CA3 /* gen context.hpp */,
				45816F5221B1049300712CA3 /* func instantiations.cpp */,
				45816F5121B1032500712CA3 /* func instantiations.hpp */,
				45816F5421B128EC00712CA3 /* generate ids.cpp */,
				45816F5521B128EC00712CA3 /* generate ids.hpp */,
				455DADA721BDE5870012A261 /* llvm.cpp */,
				454B743F21C0EB4900BB4BD0 /* optimize module.cpp */,
				454B744021C0EB4900BB4BD0 /* optimize module.hpp */,
				454B744521C3947900BB4BD0 /* lower expressions.cpp */,
				454B744621C3947900BB4BD0 /* lower expressions.hpp */,
				454B744821C4A5B700BB4BD0 /* function builder.cpp */,
				454B744921C4A5B700BB4BD0 /* function builder.hpp */,
				45C7FADD21C74D9100995B7D /* type builder.cpp */,
				45C7FADE21C74D9100995B7D /* type builder.hpp */,
				45C7FAE321D1F3CA00995B7D /* lifetime exprs.cpp */,
				45C7FAE421D1F3CA00995B7D /* lifetime exprs.hpp */,
				45DF194A21D5D80E00FA28A8 /* categories.cpp */,
				45DF194B21D5D80E00FA28A8 /* categories.hpp */,
			);
			name = "Code Generation";
			sourceTree = "<group>";
		};
		45816F4421AF856000712CA3 /* Utilities */ = {
			isa = PBXGroup;
			children = (
				45816F4521AF857500712CA3 /* unreachable.hpp */,
				45816F6321B3780C00712CA3 /* assert down cast.hpp */,
				454B36E721BA3B3100485BA4 /* iterator range.hpp */,
				455DADA521BBAE940012A261 /* algorithms.hpp */,
			);
			name = Utilities;
			sourceTree = "<group>";
		};
		45BBA3E320D63E3D006108C1 = {
			isa = PBXGroup;
			children = (
				454EB7F9219E326E001A5D78 /* notes.txt */,
				45BBA3F420D64086006108C1 /* README.md */,
				45EE9C3020E3AAF500CC3289 /* CMakeLists.txt */,
				450E327720E65D5400F222F1 /* .travis.yml */,
				45BBA40720D642C7006108C1 /* include */,
				45BBA3F320D63E7B006108C1 /* src */,
				45BBA3FA20D640EA006108C1 /* test */,
				45BBA43520D7AFB8006108C1 /* CLI */,
				45BBA3ED20D63E3D006108C1 /* Products */,
				45BBA40220D6410E006108C1 /* Frameworks */,
			);
			sourceTree = "<group>";
		};
		45BBA3ED20D63E3D006108C1 /* Products */ = {
			isa = PBXGroup;
			children = (
				45BBA3EC20D63E3D006108C1 /* libSTELA.a */,
				45BBA3F920D640EA006108C1 /* Test */,
				45BBA43420D7AFB8006108C1 /* CLI */,
			);
			name = Products;
			sourceTree = "<group>";
		};
		45BBA3F320D63E7B006108C1 /* src */ = {
			isa = PBXGroup;
			children = (
				45816F4421AF856000712CA3 /* Utilities */,
				4572CA7E20F9985D00EA1A56 /* Formatting */,
				45816F3C21AF631E00712CA3 /* Code Generation */,
				4572CA6120F32C8000EA1A56 /* Semantic Analysis */,
				45EE9C4820E4D23E00CC3289 /* Syntax Analysis */,
				45EE9C4720E4D22600CC3289 /* Lexical Analysis */,
				45EE9C4620E4D21800CC3289 /* Logging */,
			);
			path = src;
			sourceTree = "<group>";
		};
		45BBA3FA20D640EA006108C1 /* test */ = {
			isa = PBXGroup;
			children = (
				45EE9C3E20E3AB1E00CC3289 /* CMakeLists.txt */,
				45EE9C3120E3AB1600CC3289 /* src */,
			);
			path = test;
			sourceTree = "<group>";
		};
		45BBA40220D6410E006108C1 /* Frameworks */ = {
			isa = PBXGroup;
			children = (
			);
			name = Frameworks;
			sourceTree = "<group>";
		};
		45BBA40720D642C7006108C1 /* include */ = {
			isa = PBXGroup;
			children = (
				45EE9C2920E3AAE300CC3289 /* STELA */,
			);
			path = include;
			sourceTree = "<group>";
		};
		45BBA43520D7AFB8006108C1 /* CLI */ = {
			isa = PBXGroup;
			children = (
				45EE9C3F20E3AB4800CC3289 /* CMakeLists.txt */,
				45EE9C4020E3AB5900CC3289 /* src */,
			);
			path = CLI;
			sourceTree = "<group>";
		};
		45EE9C2920E3AAE300CC3289 /* STELA */ = {
			isa = PBXGroup;
			children = (
				45EE9C2A20E3AAE300CC3289 /* token.hpp */,
				45EE9C2F20E3AAE300CC3289 /* ast.hpp */,
				4572CA6B20F32DEA00EA1A56 /* symbols.hpp */,
				45EE9C2D20E3AAE300CC3289 /* location.hpp */,
				45EE9C2E20E3AAE300CC3289 /* log.hpp */,
				45EE9C2C20E3AAE300CC3289 /* lexical analysis.hpp */,
				45EE9C2B20E3AAE300CC3289 /* syntax analysis.hpp */,
				4572CA6220F32C9D00EA1A56 /* semantic analysis.hpp */,
				45816F4021AF645200712CA3 /* code generation.hpp */,
				455F4185217BEDA700C62BBF /* modules.hpp */,
				4572CA7D20F9951400EA1A56 /* format.hpp */,
				4572CA8120F9FE1B00EA1A56 /* console format.hpp */,
				4572CA8720FB254600EA1A56 /* html format.hpp */,
				454EB80421ABD7D2001A5D78 /* plain format.hpp */,
				454EB7FB219E4681001A5D78 /* retain ptr.hpp */,
				45816F6421B622BD00712CA3 /* c standard library.hpp */,
				455DADA621BDE4F90012A261 /* llvm.hpp */,
				455DADAD21BF6B9A0012A261 /* number.hpp */,
				454B744221C201A900BB4BD0 /* binding.hpp */,
			);
			path = STELA;
			sourceTree = "<group>";
		};
		45EE9C3120E3AB1600CC3289 /* src */ = {
			isa = PBXGroup;
			children = (
				45EE9C3420E3AB1600CC3289 /* macros.hpp */,
				45EE9C3520E3AB1600CC3289 /* lexer.cpp */,
				45EE9C3620E3AB1600CC3289 /* lexer.hpp */,
				45EE9C3720E3AB1600CC3289 /* syntax.cpp */,
				45EE9C3220E3AB1600CC3289 /* syntax.hpp */,
				4572CA6620F32D3C00EA1A56 /* semantics.cpp */,
				4572CA6720F32D3C00EA1A56 /* semantics.hpp */,
				45816F3D21AF637400712CA3 /* generation.cpp */,
				45816F3E21AF637400712CA3 /* generation.hpp */,
				4572CA8420FB0C7000EA1A56 /* format.cpp */,
				4572CA8520FB0C7000EA1A56 /* format.hpp */,
				45EE9C3320E3AB1600CC3289 /* log counter.cpp */,
				45EE9C3820E3AB1600CC3289 /* log counter.hpp */,
				45EE9C3920E3AB1600CC3289 /* main.cpp */,
			);
			path = src;
			sourceTree = "<group>";
		};
		45EE9C4020E3AB5900CC3289 /* src */ = {
			isa = PBXGroup;
			children = (
				45EE9C4120E3AB5900CC3289 /* main.cpp */,
			);
			path = src;
			sourceTree = "<group>";
		};
		45EE9C4620E4D21800CC3289 /* Logging */ = {
			isa = PBXGroup;
			children = (
				45EE9C1020DCF14F00CC3289 /* log.cpp */,
				45EE9C1B20DE72D400CC3289 /* log output.cpp */,
				45EE9C1C20DE72D400CC3289 /* log output.hpp */,
			);
			name = Logging;
			sourceTree = "<group>";
		};
		45EE9C4720E4D22600CC3289 /* Lexical Analysis */ = {
			isa = PBXGroup;
			children = (
				45BBA40420D6418B006108C1 /* lexical analysis.cpp */,
				45EE9C2320E23D1C00CC3289 /* number literal.cpp */,
				45EE9C2420E23D1C00CC3289 /* number literal.hpp */,
			);
			name = "Lexical Analysis";
			sourceTree = "<group>";
		};
		45EE9C4820E4D23E00CC3289 /* Syntax Analysis */ = {
			isa = PBXGroup;
			children = (
				45EE9C0820DB421A00CC3289 /* syntax analysis.cpp */,
				45EE9C1E20DF19BD00CC3289 /* parse tokens.cpp */,
				45EE9C1F20DF19BD00CC3289 /* parse tokens.hpp */,
				450E327C20E88E1900F222F1 /* context stack.cpp */,
				450E327D20E88E1A00F222F1 /* context stack.hpp */,
				450E327F20E8989300F222F1 /* parse type.cpp */,
				450E328020E8989300F222F1 /* parse type.hpp */,
				450E328220E8996900F222F1 /* parse func.cpp */,
				450E328320E8996900F222F1 /* parse func.hpp */,
				450E328520E89A4700F222F1 /* parse stat.cpp */,
				450E328620E89A4700F222F1 /* parse stat.hpp */,
				450E328820E89B5C00F222F1 /* parse decl.cpp */,
				450E328920E89B5C00F222F1 /* parse decl.hpp */,
				450E328B20E89C9500F222F1 /* parse litr.cpp */,
				450E328C20E89C9500F222F1 /* parse litr.hpp */,
				450E328E20E89D2F00F222F1 /* parse expr.cpp */,
				450E328F20E89D2F00F222F1 /* parse expr.hpp */,
				45F4435C213F898300B28F05 /* parse asgn.cpp */,
				45F4435D213F898300B28F05 /* parse asgn.hpp */,
			);
			name = "Syntax Analysis";
			sourceTree = "<group>";
		};
/* End PBXGroup section */

/* Begin PBXNativeTarget section */
		45BBA3EB20D63E3D006108C1 /* STELA */ = {
			isa = PBXNativeTarget;
			buildConfigurationList = 45BBA3F020D63E3D006108C1 /* Build configuration list for PBXNativeTarget "STELA" */;
			buildPhases = (
				45BBA40820D6431B006108C1 /* ShellScript */,
				45BBA3E820D63E3D006108C1 /* Sources */,
				45BBA3E920D63E3D006108C1 /* Frameworks */,
				45BBA40920D65331006108C1 /* Copy Files */,
			);
			buildRules = (
			);
			dependencies = (
			);
			name = STELA;
			productName = STELA;
			productReference = 45BBA3EC20D63E3D006108C1 /* libSTELA.a */;
			productType = "com.apple.product-type.library.static";
		};
		45BBA3F820D640EA006108C1 /* Test */ = {
			isa = PBXNativeTarget;
			buildConfigurationList = 45BBA3FD20D640EA006108C1 /* Build configuration list for PBXNativeTarget "Test" */;
			buildPhases = (
				45BBA3F520D640EA006108C1 /* Sources */,
				45BBA3F620D640EA006108C1 /* Frameworks */,
			);
			buildRules = (
			);
			dependencies = (
				454B36E621BA231B00485BA4 /* PBXTargetDependency */,
				45BBA40120D640F0006108C1 /* PBXTargetDependency */,
			);
			name = Test;
			productName = Test;
			productReference = 45BBA3F920D640EA006108C1 /* Test */;
			productType = "com.apple.product-type.tool";
		};
		45BBA43320D7AFB8006108C1 /* CLI */ = {
			isa = PBXNativeTarget;
			buildConfigurationList = 45BBA43820D7AFB8006108C1 /* Build configuration list for PBXNativeTarget "CLI" */;
			buildPhases = (
				45BBA43020D7AFB8006108C1 /* Sources */,
				45BBA43120D7AFB8006108C1 /* Frameworks */,
				45BBA43C20D7AFE9006108C1 /* ShellScript */,
			);
			buildRules = (
			);
			dependencies = (
				4572CAA1210716A300EA1A56 /* PBXTargetDependency */,
			);
			name = CLI;
			productName = CLI;
			productReference = 45BBA43420D7AFB8006108C1 /* CLI */;
			productType = "com.apple.product-type.tool";
		};
/* End PBXNativeTarget section */

/* Begin PBXProject section */
		45BBA3E420D63E3D006108C1 /* Project object */ = {
			isa = PBXProject;
			attributes = {
				LastUpgradeCheck = 0940;
				ORGANIZATIONNAME = "Indi Kernick";
				TargetAttributes = {
					45BBA3EB20D63E3D006108C1 = {
						CreatedOnToolsVersion = 9.4;
						LastSwiftMigration = 0940;
					};
					45BBA3F820D640EA006108C1 = {
						CreatedOnToolsVersion = 9.4;
					};
					45BBA43320D7AFB8006108C1 = {
						CreatedOnToolsVersion = 9.4;
					};
				};
			};
			buildConfigurationList = 45BBA3E720D63E3D006108C1 /* Build configuration list for PBXProject "STELA" */;
			compatibilityVersion = "Xcode 9.3";
			developmentRegion = en;
			hasScannedForEncodings = 0;
			knownRegions = (
				en,
			);
			mainGroup = 45BBA3E320D63E3D006108C1;
			productRefGroup = 45BBA3ED20D63E3D006108C1 /* Products */;
			projectDirPath = "";
			projectRoot = "";
			targets = (
				45BBA3EB20D63E3D006108C1 /* STELA */,
				45BBA3F820D640EA006108C1 /* Test */,
				45BBA43320D7AFB8006108C1 /* CLI */,
			);
		};
/* End PBXProject section */

/* Begin PBXShellScriptBuildPhase section */
		45BBA40820D6431B006108C1 /* ShellScript */ = {
			isa = PBXShellScriptBuildPhase;
			buildActionMask = 12;
			files = (
			);
			inputPaths = (
				"$(PROJECT_DIR)/include/STELA",
			);
			outputPaths = (
				/usr/local/include/STELA,
			);
			runOnlyForDeploymentPostprocessing = 0;
			shellPath = /bin/bash;
			shellScript = "# INSTALL_DIR=/usr/local/include/STELA\n# rm -dfR $INSTALL_DIR\n# mkdir $INSTALL_DIR\n# cp -RpX \"$PROJECT_DIR/include/STELA/\" $INSTALL_DIR\n";
		};
		45BBA43C20D7AFE9006108C1 /* ShellScript */ = {
			isa = PBXShellScriptBuildPhase;
			buildActionMask = 2147483647;
			files = (
			);
			inputPaths = (
			);
			outputPaths = (
			);
			runOnlyForDeploymentPostprocessing = 0;
			shellPath = /bin/bash;
			shellScript = "cp \"$BUILT_PRODUCTS_DIR/$EXECUTABLE_NAME\" /usr/local/bin/stela\n";
		};
/* End PBXShellScriptBuildPhase section */

/* Begin PBXSourcesBuildPhase section */
		45BBA3E820D63E3D006108C1 /* Sources */ = {
			isa = PBXSourcesBuildPhase;
			buildActionMask = 2147483647;
			files = (
				4572CA6A20F32DB000EA1A56 /* semantic analysis.cpp in Sources */,
				4572CAAE210EF61100EA1A56 /* scope lookup.cpp in Sources */,
				455DADA921BDE5870012A261 /* llvm.cpp in Sources */,
				450E329120E89D6100F222F1 /* context stack.cpp in Sources */,
				450E329220E89D6100F222F1 /* parse type.cpp in Sources */,
				454B744721C3947900BB4BD0 /* lower expressions.cpp in Sources */,
				450E329320E89D6100F222F1 /* parse func.cpp in Sources */,
				455F4187217BF0CF00C62BBF /* modules.cpp in Sources */,
				450E329420E89D6100F222F1 /* parse stat.cpp in Sources */,
				450E329520E89D6100F222F1 /* parse decl.cpp in Sources */,
				45F4435E213F898300B28F05 /* parse asgn.cpp in Sources */,
				4572CA8920FB25EE00EA1A56 /* html format.cpp in Sources */,
				45816F5321B1049300712CA3 /* func instantiations.cpp in Sources */,
				45816F4221AF64F100712CA3 /* code generation.cpp in Sources */,
				4572CA8C20FB33CF00EA1A56 /* scope manager.cpp in Sources */,
				4572CA8F20FB4CEC00EA1A56 /* infer type.cpp in Sources */,
				4572CA6D20F35B3E00EA1A56 /* ast.cpp in Sources */,
				45816F5921B1E68700712CA3 /* generate expr.cpp in Sources */,
				45F44361213FC49B00B28F05 /* compare types.cpp in Sources */,
				4572CA7320F4732C00EA1A56 /* traverse.cpp in Sources */,
				4572CAA8210EEE6300EA1A56 /* compare params args.cpp in Sources */,
				454B744A21C4A5B700BB4BD0 /* function builder.cpp in Sources */,
				4572CA9520FC445200EA1A56 /* builtin symbols.cpp in Sources */,
				450E329620E89D6100F222F1 /* parse litr.cpp in Sources */,
				450E329020E89D2F00F222F1 /* parse expr.cpp in Sources */,
				4572CAAB210EF60500EA1A56 /* scope insert.cpp in Sources */,
				454EB80321AB74DE001A5D78 /* expr stack.cpp in Sources */,
				4572CA9820FC462800EA1A56 /* operator name.cpp in Sources */,
				454B744121C0EB4900BB4BD0 /* optimize module.cpp in Sources */,
				45C7FADF21C74D9100995B7D /* type builder.cpp in Sources */,
				4572CAB0210EFDFE00EA1A56 /* symbols.cpp in Sources */,
				45C7FAE521D1F3CA00995B7D /* lifetime exprs.cpp in Sources */,
				45816F6221B3583D00712CA3 /* generate func.cpp in Sources */,
				4572CA8320F9FF6000EA1A56 /* console format.cpp in Sources */,
				454EB80021AB6E41001A5D78 /* expr lookup.cpp in Sources */,
				454EB80621ABD838001A5D78 /* plain format.cpp in Sources */,
				45EE9C2020DF19BD00CC3289 /* parse tokens.cpp in Sources */,
				45816F3F21AF637400712CA3 /* generation.cpp in Sources */,
				4572CA8020F9987500EA1A56 /* format.cpp in Sources */,
				454EB80C21ACAAC9001A5D78 /* check scopes.cpp in Sources */,
				45EE9C1220DCF19400CC3289 /* log.cpp in Sources */,
				45816F4B21B0B6A700712CA3 /* generate decl.cpp in Sources */,
				45EE9C1320DCF19400CC3289 /* syntax analysis.cpp in Sources */,
				45816F4821AFA16700712CA3 /* builtin code.cpp in Sources */,
				45EE9C1D20DE72D400CC3289 /* log output.cpp in Sources */,
				455DADAC21BE29920012A261 /* generate stat.cpp in Sources */,
				45BBA40620D6418B006108C1 /* lexical analysis.cpp in Sources */,
				45816F5621B128EC00712CA3 /* generate ids.cpp in Sources */,
				45816F6621B6249200712CA3 /* c standard library.cpp in Sources */,
				455DADB021C0899F0012A261 /* check missing return.cpp in Sources */,
				45DF194C21D5D80E00FA28A8 /* categories.cpp in Sources */,
				45EE9C2520E23D1C00CC3289 /* number literal.cpp in Sources */,
				454EB80921ABE74E001A5D78 /* symbol desc.cpp in Sources */,
				45816F4E21B0BF9500712CA3 /* generate type.cpp in Sources */,
			);
			runOnlyForDeploymentPostprocessing = 0;
		};
		45BBA3F520D640EA006108C1 /* Sources */ = {
			isa = PBXSourcesBuildPhase;
			buildActionMask = 2147483647;
			files = (
				45EE9C3B20E3AB1600CC3289 /* lexer.cpp in Sources */,
				45EE9C3A20E3AB1600CC3289 /* log counter.cpp in Sources */,
				4572CA6820F32D3C00EA1A56 /* semantics.cpp in Sources */,
				45EE9C3D20E3AB1600CC3289 /* main.cpp in Sources */,
				4572CA8620FB0C7000EA1A56 /* format.cpp in Sources */,
				45EE9C3C20E3AB1600CC3289 /* syntax.cpp in Sources */,
			);
			runOnlyForDeploymentPostprocessing = 0;
		};
		45BBA43020D7AFB8006108C1 /* Sources */ = {
			isa = PBXSourcesBuildPhase;
			buildActionMask = 2147483647;
			files = (
				45EE9C4220E3AB5900CC3289 /* main.cpp in Sources */,
			);
			runOnlyForDeploymentPostprocessing = 0;
		};
/* End PBXSourcesBuildPhase section */

/* Begin PBXTargetDependency section */
		454B36E621BA231B00485BA4 /* PBXTargetDependency */ = {
			isa = PBXTargetDependency;
			target = 45BBA43320D7AFB8006108C1 /* CLI */;
			targetProxy = 454B36E521BA231B00485BA4 /* PBXContainerItemProxy */;
		};
		4572CAA1210716A300EA1A56 /* PBXTargetDependency */ = {
			isa = PBXTargetDependency;
			target = 45BBA3EB20D63E3D006108C1 /* STELA */;
			targetProxy = 4572CAA0210716A300EA1A56 /* PBXContainerItemProxy */;
		};
		45BBA40120D640F0006108C1 /* PBXTargetDependency */ = {
			isa = PBXTargetDependency;
			target = 45BBA3EB20D63E3D006108C1 /* STELA */;
			targetProxy = 45BBA40020D640F0006108C1 /* PBXContainerItemProxy */;
		};
/* End PBXTargetDependency section */

/* Begin XCBuildConfiguration section */
		45BBA3EE20D63E3D006108C1 /* Debug */ = {
			isa = XCBuildConfiguration;
			buildSettings = {
				ALWAYS_SEARCH_USER_PATHS = NO;
				CLANG_ANALYZER_NONNULL = YES;
				CLANG_ANALYZER_NUMBER_OBJECT_CONVERSION = YES_AGGRESSIVE;
				CLANG_CXX_LANGUAGE_STANDARD = "gnu++14";
				CLANG_CXX_LIBRARY = "libc++";
				CLANG_ENABLE_MODULES = YES;
				CLANG_ENABLE_OBJC_ARC = YES;
				CLANG_ENABLE_OBJC_WEAK = YES;
				CLANG_WARN_BLOCK_CAPTURE_AUTORELEASING = YES;
				CLANG_WARN_BOOL_CONVERSION = YES;
				CLANG_WARN_COMMA = YES;
				CLANG_WARN_CONSTANT_CONVERSION = YES;
				CLANG_WARN_DEPRECATED_OBJC_IMPLEMENTATIONS = YES;
				CLANG_WARN_DIRECT_OBJC_ISA_USAGE = YES_ERROR;
				CLANG_WARN_DOCUMENTATION_COMMENTS = YES;
				CLANG_WARN_EMPTY_BODY = YES;
				CLANG_WARN_ENUM_CONVERSION = YES;
				CLANG_WARN_INFINITE_RECURSION = YES;
				CLANG_WARN_INT_CONVERSION = YES;
				CLANG_WARN_NON_LITERAL_NULL_CONVERSION = YES;
				CLANG_WARN_OBJC_IMPLICIT_RETAIN_SELF = YES;
				CLANG_WARN_OBJC_LITERAL_CONVERSION = YES;
				CLANG_WARN_OBJC_ROOT_CLASS = YES_ERROR;
				CLANG_WARN_RANGE_LOOP_ANALYSIS = YES;
				CLANG_WARN_STRICT_PROTOTYPES = YES;
				CLANG_WARN_SUSPICIOUS_MOVE = YES;
				CLANG_WARN_UNGUARDED_AVAILABILITY = YES_AGGRESSIVE;
				CLANG_WARN_UNREACHABLE_CODE = YES;
				CLANG_WARN__DUPLICATE_METHOD_MATCH = YES;
				CODE_SIGN_IDENTITY = "Mac Developer";
				COPY_PHASE_STRIP = NO;
				DEBUG_INFORMATION_FORMAT = dwarf;
				ENABLE_STRICT_OBJC_MSGSEND = YES;
				ENABLE_TESTABILITY = YES;
				GCC_C_LANGUAGE_STANDARD = gnu11;
				GCC_DYNAMIC_NO_PIC = NO;
				GCC_NO_COMMON_BLOCKS = YES;
				GCC_OPTIMIZATION_LEVEL = 0;
				GCC_PREPROCESSOR_DEFINITIONS = (
					"DEBUG=1",
					"$(inherited)",
				);
				GCC_WARN_64_TO_32_BIT_CONVERSION = YES;
				GCC_WARN_ABOUT_RETURN_TYPE = YES_ERROR;
				GCC_WARN_UNDECLARED_SELECTOR = YES;
				GCC_WARN_UNINITIALIZED_AUTOS = YES_AGGRESSIVE;
				GCC_WARN_UNUSED_FUNCTION = YES;
				GCC_WARN_UNUSED_VARIABLE = YES;
				MACOSX_DEPLOYMENT_TARGET = 10.13;
				MTL_ENABLE_DEBUG_INFO = YES;
				ONLY_ACTIVE_ARCH = YES;
				SDKROOT = macosx;
			};
			name = Debug;
		};
		45BBA3EF20D63E3D006108C1 /* Release */ = {
			isa = XCBuildConfiguration;
			buildSettings = {
				ALWAYS_SEARCH_USER_PATHS = NO;
				CLANG_ANALYZER_NONNULL = YES;
				CLANG_ANALYZER_NUMBER_OBJECT_CONVERSION = YES_AGGRESSIVE;
				CLANG_CXX_LANGUAGE_STANDARD = "gnu++14";
				CLANG_CXX_LIBRARY = "libc++";
				CLANG_ENABLE_MODULES = YES;
				CLANG_ENABLE_OBJC_ARC = YES;
				CLANG_ENABLE_OBJC_WEAK = YES;
				CLANG_WARN_BLOCK_CAPTURE_AUTORELEASING = YES;
				CLANG_WARN_BOOL_CONVERSION = YES;
				CLANG_WARN_COMMA = YES;
				CLANG_WARN_CONSTANT_CONVERSION = YES;
				CLANG_WARN_DEPRECATED_OBJC_IMPLEMENTATIONS = YES;
				CLANG_WARN_DIRECT_OBJC_ISA_USAGE = YES_ERROR;
				CLANG_WARN_DOCUMENTATION_COMMENTS = YES;
				CLANG_WARN_EMPTY_BODY = YES;
				CLANG_WARN_ENUM_CONVERSION = YES;
				CLANG_WARN_INFINITE_RECURSION = YES;
				CLANG_WARN_INT_CONVERSION = YES;
				CLANG_WARN_NON_LITERAL_NULL_CONVERSION = YES;
				CLANG_WARN_OBJC_IMPLICIT_RETAIN_SELF = YES;
				CLANG_WARN_OBJC_LITERAL_CONVERSION = YES;
				CLANG_WARN_OBJC_ROOT_CLASS = YES_ERROR;
				CLANG_WARN_RANGE_LOOP_ANALYSIS = YES;
				CLANG_WARN_STRICT_PROTOTYPES = YES;
				CLANG_WARN_SUSPICIOUS_MOVE = YES;
				CLANG_WARN_UNGUARDED_AVAILABILITY = YES_AGGRESSIVE;
				CLANG_WARN_UNREACHABLE_CODE = YES;
				CLANG_WARN__DUPLICATE_METHOD_MATCH = YES;
				CODE_SIGN_IDENTITY = "Mac Developer";
				COPY_PHASE_STRIP = NO;
				DEBUG_INFORMATION_FORMAT = "dwarf-with-dsym";
				ENABLE_NS_ASSERTIONS = NO;
				ENABLE_STRICT_OBJC_MSGSEND = YES;
				GCC_C_LANGUAGE_STANDARD = gnu11;
				GCC_NO_COMMON_BLOCKS = YES;
				GCC_WARN_64_TO_32_BIT_CONVERSION = YES;
				GCC_WARN_ABOUT_RETURN_TYPE = YES_ERROR;
				GCC_WARN_UNDECLARED_SELECTOR = YES;
				GCC_WARN_UNINITIALIZED_AUTOS = YES_AGGRESSIVE;
				GCC_WARN_UNUSED_FUNCTION = YES;
				GCC_WARN_UNUSED_VARIABLE = YES;
				MACOSX_DEPLOYMENT_TARGET = 10.13;
				MTL_ENABLE_DEBUG_INFO = NO;
				SDKROOT = macosx;
			};
			name = Release;
		};
		45BBA3F120D63E3D006108C1 /* Debug */ = {
			isa = XCBuildConfiguration;
			buildSettings = {
				CLANG_CXX_LANGUAGE_STANDARD = "c++17";
				CLANG_ENABLE_MODULES = YES;
				CODE_SIGN_STYLE = Automatic;
				DEVELOPMENT_TEAM = QY44MADGVC;
				EXECUTABLE_PREFIX = lib;
				HEADER_SEARCH_PATHS = (
					$PROJECT_DIR/include/STELA,
					$PROJECT_DIR/include,
				);
				LD_RUNPATH_SEARCH_PATHS = (
					"$(inherited)",
					"@executable_path/../Frameworks",
					"@loader_path/../Frameworks",
				);
				LIBRARY_SEARCH_PATHS = "";
				MACOSX_DEPLOYMENT_TARGET = 10.14;
				OTHER_CPLUSPLUSFLAGS = (
					"$(OTHER_CFLAGS)",
					"-Wall",
					"-Wextra",
					"-Weffc++",
					"-Wpedantic",
					"-Wshadow",
					"-Wno-documentation",
					"-Wnull-dereference",
					"-Woverloaded-virtual",
					"-Wconversion",
					"-Wreturn-type",
					"-Wweak-vtables",
					"-Wnonportable-include-path",
					"-isystem/usr/local/include",
					"-isystem/usr/local/opt/llvm/include",
					"-fPIC",
					"-D__STDC_CONSTANT_MACROS",
					"-D__STDC_FORMAT_MACROS",
					"-D__STDC_LIMIT_MACROS",
				);
				OTHER_LDFLAGS = "";
				PRODUCT_NAME = "$(TARGET_NAME)";
				SKIP_INSTALL = YES;
				SWIFT_OPTIMIZATION_LEVEL = "-Onone";
				SWIFT_VERSION = 3.0;
			};
			name = Debug;
		};
		45BBA3F220D63E3D006108C1 /* Release */ = {
			isa = XCBuildConfiguration;
			buildSettings = {
				CLANG_CXX_LANGUAGE_STANDARD = "c++17";
				CLANG_ENABLE_MODULES = YES;
				CODE_SIGN_STYLE = Automatic;
				DEVELOPMENT_TEAM = QY44MADGVC;
				EXECUTABLE_PREFIX = lib;
				GCC_OPTIMIZATION_LEVEL = 3;
				GCC_PREPROCESSOR_DEFINITIONS = NDEBUG;
				HEADER_SEARCH_PATHS = (
					$PROJECT_DIR/include/STELA,
					$PROJECT_DIR/include,
				);
				LD_RUNPATH_SEARCH_PATHS = (
					"$(inherited)",
					"@executable_path/../Frameworks",
					"@loader_path/../Frameworks",
				);
				LIBRARY_SEARCH_PATHS = "";
				LLVM_LTO = YES;
				MACOSX_DEPLOYMENT_TARGET = 10.14;
				OTHER_CPLUSPLUSFLAGS = (
					"$(OTHER_CFLAGS)",
					"-Wall",
					"-Wextra",
					"-Weffc++",
					"-Wpedantic",
					"-Wshadow",
					"-Wno-documentation",
					"-Wnull-dereference",
					"-Woverloaded-virtual",
					"-Wconversion",
					"-Wreturn-type",
					"-Wweak-vtables",
					"-Wnonportable-include-path",
					"-isystem/usr/local/include",
					"-isystem/usr/local/opt/llvm/include",
					"-fPIC",
					"-D__STDC_CONSTANT_MACROS",
					"-D__STDC_FORMAT_MACROS",
					"-D__STDC_LIMIT_MACROS",
				);
				OTHER_LDFLAGS = "";
				PRODUCT_NAME = "$(TARGET_NAME)";
				SKIP_INSTALL = YES;
				SWIFT_VERSION = 3.0;
			};
			name = Release;
		};
		45BBA3FE20D640EA006108C1 /* Debug */ = {
			isa = XCBuildConfiguration;
			buildSettings = {
				CLANG_CXX_LANGUAGE_STANDARD = "c++17";
				CODE_SIGN_STYLE = Automatic;
				DEVELOPMENT_TEAM = QY44MADGVC;
				HEADER_SEARCH_PATHS = "$(PROJECT_DIR)/include";
				LIBRARY_SEARCH_PATHS = "";
				MACOSX_DEPLOYMENT_TARGET = 10.14;
				OTHER_CPLUSPLUSFLAGS = (
					"$(OTHER_CFLAGS)",
					"-Wall",
					"-Wextra",
					"-Weffc++",
					"-Wpedantic",
					"-Wno-documentation",
					"-Wnull-dereference",
					"-Woverloaded-virtual",
					"-Wconversion",
					"-Wreturn-type",
					"-Wweak-vtables",
					"-Wnonportable-include-path",
					"-D__STDC_CONSTANT_MACROS",
					"-D__STDC_FORMAT_MACROS",
					"-D__STDC_LIMIT_MACROS",
					"-isystem/usr/local/opt/llvm/include",
				);
				OTHER_LDFLAGS = (
					"-Wl,-search_paths_first",
					"-Wl,-headerpad_max_install_names",
					/usr/local/opt/llvm/lib/libLLVMMCJIT.a,
					/usr/local/opt/llvm/lib/libLLVMExecutionEngine.a,
					/usr/local/opt/llvm/lib/libLLVMRuntimeDyld.a,
					/usr/local/opt/llvm/lib/libLLVMAsmParser.a,
					/usr/local/opt/llvm/lib/libLLVMX86CodeGen.a,
					/usr/local/opt/llvm/lib/libLLVMAsmPrinter.a,
					/usr/local/opt/llvm/lib/libLLVMGlobalISel.a,
					/usr/local/opt/llvm/lib/libLLVMSelectionDAG.a,
					/usr/local/opt/llvm/lib/libLLVMCodeGen.a,
					/usr/local/opt/llvm/lib/libLLVMTarget.a,
					/usr/local/opt/llvm/lib/libLLVMBitWriter.a,
					/usr/local/opt/llvm/lib/libLLVMScalarOpts.a,
					/usr/local/opt/llvm/lib/libLLVMAggressiveInstCombine.a,
					/usr/local/opt/llvm/lib/libLLVMInstCombine.a,
					/usr/local/opt/llvm/lib/libLLVMTransformUtils.a,
					/usr/local/opt/llvm/lib/libLLVMAnalysis.a,
					/usr/local/opt/llvm/lib/libLLVMProfileData.a,
					/usr/local/opt/llvm/lib/libLLVMX86AsmParser.a,
					/usr/local/opt/llvm/lib/libLLVMX86Desc.a,
					/usr/local/opt/llvm/lib/libLLVMX86AsmPrinter.a,
					/usr/local/opt/llvm/lib/libLLVMObject.a,
					/usr/local/opt/llvm/lib/libLLVMMCParser.a,
					/usr/local/opt/llvm/lib/libLLVMBitReader.a,
					/usr/local/opt/llvm/lib/libLLVMX86Disassembler.a,
					/usr/local/opt/llvm/lib/libLLVMMCDisassembler.a,
					/usr/local/opt/llvm/lib/libLLVMMC.a,
					/usr/local/opt/llvm/lib/libLLVMDebugInfoCodeView.a,
					/usr/local/opt/llvm/lib/libLLVMDebugInfoMSF.a,
					/usr/local/opt/llvm/lib/libLLVMX86Info.a,
					/usr/local/opt/llvm/lib/libLLVMX86Utils.a,
					/usr/local/opt/llvm/lib/libLLVMCore.a,
					/usr/local/opt/llvm/lib/libLLVMBinaryFormat.a,
					/usr/local/opt/llvm/lib/libLLVMSupport.a,
					"-lz",
					"-lcurses",
					"-lm",
					/usr/local/opt/llvm/lib/libLLVMDemangle.a,
					/usr/local/opt/llvm/lib/libLLVMLinker.a,
					/usr/local/opt/llvm/lib/libLLVMInstrumentation.a,
					/usr/local/opt/llvm/lib/libLLVMVectorize.a,
					/usr/local/opt/llvm/lib/libLLVMipo.a,
				);
				PRODUCT_NAME = "$(TARGET_NAME)";
			};
			name = Debug;
		};
		45BBA3FF20D640EA006108C1 /* Release */ = {
			isa = XCBuildConfiguration;
			buildSettings = {
				CLANG_CXX_LANGUAGE_STANDARD = "c++17";
				CODE_SIGN_STYLE = Automatic;
				DEVELOPMENT_TEAM = QY44MADGVC;
				GCC_OPTIMIZATION_LEVEL = 3;
				GCC_PREPROCESSOR_DEFINITIONS = NDEBUG;
				HEADER_SEARCH_PATHS = "$(PROJECT_DIR)/include";
				LIBRARY_SEARCH_PATHS = "";
				MACOSX_DEPLOYMENT_TARGET = 10.14;
				OTHER_CPLUSPLUSFLAGS = (
					"$(OTHER_CFLAGS)",
					"-Wall",
					"-Wextra",
					"-Weffc++",
					"-Wpedantic",
					"-Wno-documentation",
					"-Wnull-dereference",
					"-Woverloaded-virtual",
					"-Wconversion",
					"-Wreturn-type",
					"-Wweak-vtables",
					"-Wnonportable-include-path",
					"-D__STDC_CONSTANT_MACROS",
					"-D__STDC_FORMAT_MACROS",
					"-D__STDC_LIMIT_MACROS",
					"-isystem/usr/local/opt/llvm/include",
				);
				OTHER_LDFLAGS = (
					"-Wl,-search_paths_first",
					"-Wl,-headerpad_max_install_names",
					/usr/local/opt/llvm/lib/libLLVMMCJIT.a,
					/usr/local/opt/llvm/lib/libLLVMExecutionEngine.a,
					/usr/local/opt/llvm/lib/libLLVMRuntimeDyld.a,
					/usr/local/opt/llvm/lib/libLLVMAsmParser.a,
					/usr/local/opt/llvm/lib/libLLVMX86CodeGen.a,
					/usr/local/opt/llvm/lib/libLLVMAsmPrinter.a,
					/usr/local/opt/llvm/lib/libLLVMGlobalISel.a,
					/usr/local/opt/llvm/lib/libLLVMSelectionDAG.a,
					/usr/local/opt/llvm/lib/libLLVMCodeGen.a,
					/usr/local/opt/llvm/lib/libLLVMTarget.a,
					/usr/local/opt/llvm/lib/libLLVMBitWriter.a,
					/usr/local/opt/llvm/lib/libLLVMScalarOpts.a,
					/usr/local/opt/llvm/lib/libLLVMAggressiveInstCombine.a,
					/usr/local/opt/llvm/lib/libLLVMInstCombine.a,
					/usr/local/opt/llvm/lib/libLLVMTransformUtils.a,
					/usr/local/opt/llvm/lib/libLLVMAnalysis.a,
					/usr/local/opt/llvm/lib/libLLVMProfileData.a,
					/usr/local/opt/llvm/lib/libLLVMX86AsmParser.a,
					/usr/local/opt/llvm/lib/libLLVMX86Desc.a,
					/usr/local/opt/llvm/lib/libLLVMX86AsmPrinter.a,
					/usr/local/opt/llvm/lib/libLLVMObject.a,
					/usr/local/opt/llvm/lib/libLLVMMCParser.a,
					/usr/local/opt/llvm/lib/libLLVMBitReader.a,
					/usr/local/opt/llvm/lib/libLLVMX86Disassembler.a,
					/usr/local/opt/llvm/lib/libLLVMMCDisassembler.a,
					/usr/local/opt/llvm/lib/libLLVMMC.a,
					/usr/local/opt/llvm/lib/libLLVMDebugInfoCodeView.a,
					/usr/local/opt/llvm/lib/libLLVMDebugInfoMSF.a,
					/usr/local/opt/llvm/lib/libLLVMX86Info.a,
					/usr/local/opt/llvm/lib/libLLVMX86Utils.a,
					/usr/local/opt/llvm/lib/libLLVMCore.a,
					/usr/local/opt/llvm/lib/libLLVMBinaryFormat.a,
					/usr/local/opt/llvm/lib/libLLVMSupport.a,
					"-lz",
					"-lcurses",
					"-lm",
					/usr/local/opt/llvm/lib/libLLVMDemangle.a,
					/usr/local/opt/llvm/lib/libLLVMLinker.a,
					/usr/local/opt/llvm/lib/libLLVMInstrumentation.a,
					/usr/local/opt/llvm/lib/libLLVMVectorize.a,
					/usr/local/opt/llvm/lib/libLLVMipo.a,
				);
				PRODUCT_NAME = "$(TARGET_NAME)";
			};
			name = Release;
		};
		45BBA43920D7AFB8006108C1 /* Debug */ = {
			isa = XCBuildConfiguration;
			buildSettings = {
				CLANG_CXX_LANGUAGE_STANDARD = "c++17";
				CODE_SIGN_STYLE = Automatic;
				DEVELOPMENT_TEAM = QY44MADGVC;
				HEADER_SEARCH_PATHS = "$(PROJECT_DIR)/include";
				MACOSX_DEPLOYMENT_TARGET = 10.14;
				OTHER_CPLUSPLUSFLAGS = (
					"$(OTHER_CFLAGS)",
					"-Wall",
					"-Wextra",
					"-Weffc++",
					"-Wpedantic",
					"-Wno-documentation",
					"-fvisibility=default",
				);
				PRODUCT_NAME = "$(TARGET_NAME)";
			};
			name = Debug;
		};
		45BBA43A20D7AFB8006108C1 /* Release */ = {
			isa = XCBuildConfiguration;
			buildSettings = {
				CLANG_CXX_LANGUAGE_STANDARD = "c++17";
				CODE_SIGN_STYLE = Automatic;
				DEVELOPMENT_TEAM = QY44MADGVC;
				GCC_OPTIMIZATION_LEVEL = 3;
				HEADER_SEARCH_PATHS = "$(PROJECT_DIR)/include";
				LLVM_LTO = YES;
				MACOSX_DEPLOYMENT_TARGET = 10.14;
				OTHER_CPLUSPLUSFLAGS = (
					"$(OTHER_CFLAGS)",
					"-Wall",
					"-Wextra",
					"-Weffc++",
					"-Wpedantic",
					"-Wno-documentation",
					"-fvisibility=default",
				);
				PRODUCT_NAME = "$(TARGET_NAME)";
			};
			name = Release;
		};
/* End XCBuildConfiguration section */

/* Begin XCConfigurationList section */
		45BBA3E720D63E3D006108C1 /* Build configuration list for PBXProject "STELA" */ = {
			isa = XCConfigurationList;
			buildConfigurations = (
				45BBA3EE20D63E3D006108C1 /* Debug */,
				45BBA3EF20D63E3D006108C1 /* Release */,
			);
			defaultConfigurationIsVisible = 0;
			defaultConfigurationName = Release;
		};
		45BBA3F020D63E3D006108C1 /* Build configuration list for PBXNativeTarget "STELA" */ = {
			isa = XCConfigurationList;
			buildConfigurations = (
				45BBA3F120D63E3D006108C1 /* Debug */,
				45BBA3F220D63E3D006108C1 /* Release */,
			);
			defaultConfigurationIsVisible = 0;
			defaultConfigurationName = Release;
		};
		45BBA3FD20D640EA006108C1 /* Build configuration list for PBXNativeTarget "Test" */ = {
			isa = XCConfigurationList;
			buildConfigurations = (
				45BBA3FE20D640EA006108C1 /* Debug */,
				45BBA3FF20D640EA006108C1 /* Release */,
			);
			defaultConfigurationIsVisible = 0;
			defaultConfigurationName = Release;
		};
		45BBA43820D7AFB8006108C1 /* Build configuration list for PBXNativeTarget "CLI" */ = {
			isa = XCConfigurationList;
			buildConfigurations = (
				45BBA43920D7AFB8006108C1 /* Debug */,
				45BBA43A20D7AFB8006108C1 /* Release */,
			);
			defaultConfigurationIsVisible = 0;
			defaultConfigurationName = Release;
		};
/* End XCConfigurationList section */
	};
	rootObject = 45BBA3E420D63E3D006108C1 /* Project object */;
}
